{
  "name": "xin",
  "version": "0.0.3",
  "lockfileVersion": 1,
  "requires": true,
  "dependencies": {
    "emailjs-addressparser": {
      "version": "2.0.2",
      "resolved": "https://registry.npmjs.org/emailjs-addressparser/-/emailjs-addressparser-2.0.2.tgz",
      "integrity": "sha512-E6ztFf1ePtZEwqfN3aWsvZNcpBeDqgJbVL4D32dckHkcwdhJ1bhlE4MLvHBf/IoXQmJBgkKlwGP5/5l11EE5OQ=="
    },
    "emailjs-base64": {
      "version": "1.1.4",
      "resolved": "https://registry.npmjs.org/emailjs-base64/-/emailjs-base64-1.1.4.tgz",
      "integrity": "sha512-4h0xp1jgVTnIQBHxSJWXWanNnmuc5o+k4aHEpcLXSToN8asjB5qbXAexs7+PEsUKcEyBteNYsSvXUndYT2CGGA=="
    },
    "emailjs-mime-codec": {
      "version": "2.0.8",
      "resolved": "https://registry.npmjs.org/emailjs-mime-codec/-/emailjs-mime-codec-2.0.8.tgz",
      "integrity": "sha512-Upnk1zSj6wVrKRBdfc0di2eyjyTOatTs8QlZZlBedfGBWalZ6IlEaPbmoCL5Qt4VVTwLp7buYcw0+pu9sB744g==",
      "requires": {
        "emailjs-base64": "^1.1.4",
        "ramda": "^0.25.0",
        "text-encoding": "^0.6.4"
      }
    },
    "emailjs-mime-parser": {
      "version": "2.0.5",
      "resolved": "https://registry.npmjs.org/emailjs-mime-parser/-/emailjs-mime-parser-2.0.5.tgz",
      "integrity": "sha512-Bs2n1OfnVhMhRzn0ULWFzx+WiiaUUo6Yji5WpiHDf/XIDmwm5LIZLk48UIBMdYv7QIo8mz1dRpzoBKcuIlgiLw==",
      "requires": {
        "emailjs-addressparser": "^2.0.1",
        "emailjs-mime-codec": "^2.0.7",
        "ramda": "^0.25.0"
      }
    },
    "lean-wrap": {
      "version": "0.2.30",
      "resolved": "https://registry.npmjs.org/lean-wrap/-/lean-wrap-0.2.30.tgz",
      "integrity": "sha512-QC9HHfMB2bOyHcX5UUGaou9nyZJiZINOaamY+d6Z5h8HZJ5QnEA0Ir/0xI/6dc0UeCvF2pQILXpX63IoVVemwg=="
    },
    "pico-client": {
      "version": "0.5.9",
      "resolved": "https://registry.npmjs.org/pico-client/-/pico-client-0.5.9.tgz",
      "integrity": "sha512-N/9JMUTq+vX+t8IFgBFXNRHXOv6hARUEAZ9/cg6ocUOYBTUaiJMKhhTHbicHMWToVGaMD+fzOuYqYGwWS8zkCQ==",
      "requires": {
        "lean-wrap": "^0.2.30",
        "pico-common": "^0.10.15",
        "pojs": "^0.6.6"
      }
    },
    "pico-common": {
      "version": "0.10.15",
      "resolved": "https://registry.npmjs.org/pico-common/-/pico-common-0.10.15.tgz",
      "integrity": "sha512-anmjE7uO+HC+HxszbwZYPFg+9hag+J/iBNmiqBxalo6jb+Phli7n27OJbQCZXX9idh4hYTXPZCX4N2JMEs97OA=="
    },
    "pojs": {
      "version": "0.6.6",
      "resolved": "https://registry.npmjs.org/pojs/-/pojs-0.6.6.tgz",
      "integrity": "sha512-LVuuRwMm2M9BXf7JZ0jwgeEjVXNSnXOBM+5R1Ef7d/dCStd2KZF43hoswhKTlXZ/mEfaW+6a4lPf8XisV1NVxg=="
    },
    "ramda": {
      "version": "0.25.0",
      "resolved": "https://registry.npmjs.org/ramda/-/ramda-0.25.0.tgz",
      "integrity": "sha512-GXpfrYVPwx3K7RQ6aYT8KPS8XViSXUVJT1ONhoKPE9VAleW42YE+U+8VEyGWt41EnEQW7gwecYJriTI0pKoecQ=="
    },
    "text-encoding": {
      "version": "0.6.4",
      "resolved": "https://registry.npmjs.org/text-encoding/-/text-encoding-0.6.4.tgz",
      "integrity": "sha1-45mpgiV6J22uQou5KEXLcb3CbRk="
    }
  }
}
